
Microsoft Visual Studio Solution File, Format Version 12.00
# Visual Studio 15
VisualStudioVersion = 15.0.26430.6
MinimumVisualStudioVersion = 10.0.40219.1
Project("{FAE04EC0-301F-11D3-BF4B-00C04F79EFBC}") = "ManagementSystem", "ManagementSystem\ManagementSystem.csproj", "{1FD948DA-17F1-4DD9-AB1D-22888A0988A1}"
EndProject
Project("{2150E333-8FDC-42A3-9474-1A3956D46DE8}") = "Domain", "Domain", "{6791DAE0-48A1-4706-9934-6B78FF27C334}"
EndProject
Project("{FAE04EC0-301F-11D3-BF4B-00C04F79EFBC}") = "Domain.Entities", "Domain.Entities\Domain.Entities.csproj", "{6203FE88-72B1-4A13-91D5-E3BDDE2B922A}"
EndProject
Project("{FAE04EC0-301F-11D3-BF4B-00C04F79EFBC}") = "Domain.Interfaces", "Domain.Interfaces\Domain.Interfaces.csproj", "{9E4AF24C-BB49-4889-8DAE-C3C389FF785C}"
EndProject
Project("{2150E333-8FDC-42A3-9474-1A3956D46DE8}") = "Service Interfaces", "Service Interfaces", "{F263A04E-4F11-48C0-8BF1-CE8FCE2900D2}"
EndProject
Project("{FAE04EC0-301F-11D3-BF4B-00C04F79EFBC}") = "Services.Interfaces", "Services.Interfaces\Services.Interfaces.csproj", "{F18A891A-47FB-46AF-B882-376F7A7F6EE1}"
EndProject
Project("{2150E333-8FDC-42A3-9474-1A3956D46DE8}") = "Services", "Services", "{4B0B07C9-B6CD-414A-8AB2-D79E1FCC4DB5}"
EndProject
Project("{FAE04EC0-301F-11D3-BF4B-00C04F79EFBC}") = "Services", "Services\Services.csproj", "{32BF93FA-DA20-48DE-BD14-0C8B8EE441A3}"
EndProject
Project("{2150E333-8FDC-42A3-9474-1A3956D46DE8}") = "Infrastructure", "Infrastructure", "{D366B5EA-35C7-41C5-93D1-AE8E461E19EA}"
EndProject
Project("{FAE04EC0-301F-11D3-BF4B-00C04F79EFBC}") = "Infrastructure.Data", "Infrastructure.Data\Infrastructure.Data.csproj", "{A08C84E8-1A56-425E-8FC5-C368FF494487}"
EndProject
Global
	GlobalSection(SolutionConfigurationPlatforms) = preSolution
		Debug|Any CPU = Debug|Any CPU
		Release|Any CPU = Release|Any CPU
	EndGlobalSection
	GlobalSection(ProjectConfigurationPlatforms) = postSolution
		{1FD948DA-17F1-4DD9-AB1D-22888A0988A1}.Debug|Any CPU.ActiveCfg = Debug|Any CPU
		{1FD948DA-17F1-4DD9-AB1D-22888A0988A1}.Debug|Any CPU.Build.0 = Debug|Any CPU
		{1FD948DA-17F1-4DD9-AB1D-22888A0988A1}.Release|Any CPU.ActiveCfg = Release|Any CPU
		{1FD948DA-17F1-4DD9-AB1D-22888A0988A1}.Release|Any CPU.Build.0 = Release|Any CPU
		{6203FE88-72B1-4A13-91D5-E3BDDE2B922A}.Debug|Any CPU.ActiveCfg = Debug|Any CPU
		{6203FE88-72B1-4A13-91D5-E3BDDE2B922A}.Debug|Any CPU.Build.0 = Debug|Any CPU
		{6203FE88-72B1-4A13-91D5-E3BDDE2B922A}.Release|Any CPU.ActiveCfg = Release|Any CPU
		{6203FE88-72B1-4A13-91D5-E3BDDE2B922A}.Release|Any CPU.Build.0 = Release|Any CPU
		{9E4AF24C-BB49-4889-8DAE-C3C389FF785C}.Debug|Any CPU.ActiveCfg = Debug|Any CPU
		{9E4AF24C-BB49-4889-8DAE-C3C389FF785C}.Debug|Any CPU.Build.0 = Debug|Any CPU
		{9E4AF24C-BB49-4889-8DAE-C3C389FF785C}.Release|Any CPU.ActiveCfg = Release|Any CPU
		{9E4AF24C-BB49-4889-8DAE-C3C389FF785C}.Release|Any CPU.Build.0 = Release|Any CPU
		{F18A891A-47FB-46AF-B882-376F7A7F6EE1}.Debug|Any CPU.ActiveCfg = Debug|Any CPU
		{F18A891A-47FB-46AF-B882-376F7A7F6EE1}.Debug|Any CPU.Build.0 = Debug|Any CPU
		{F18A891A-47FB-46AF-B882-376F7A7F6EE1}.Release|Any CPU.ActiveCfg = Release|Any CPU
		{F18A891A-47FB-46AF-B882-376F7A7F6EE1}.Release|Any CPU.Build.0 = Release|Any CPU
		{32BF93FA-DA20-48DE-BD14-0C8B8EE441A3}.Debug|Any CPU.ActiveCfg = Debug|Any CPU
		{32BF93FA-DA20-48DE-BD14-0C8B8EE441A3}.Debug|Any CPU.Build.0 = Debug|Any CPU
		{32BF93FA-DA20-48DE-BD14-0C8B8EE441A3}.Release|Any CPU.ActiveCfg = Release|Any CPU
		{32BF93FA-DA20-48DE-BD14-0C8B8EE441A3}.Release|Any CPU.Build.0 = Release|Any CPU
		{A08C84E8-1A56-425E-8FC5-C368FF494487}.Debug|Any CPU.ActiveCfg = Debug|Any CPU
		{A08C84E8-1A56-425E-8FC5-C368FF494487}.Debug|Any CPU.Build.0 = Debug|Any CPU
		{A08C84E8-1A56-425E-8FC5-C368FF494487}.Release|Any CPU.ActiveCfg = Release|Any CPU
		{A08C84E8-1A56-425E-8FC5-C368FF494487}.Release|Any CPU.Build.0 = Release|Any CPU
	EndGlobalSection
	GlobalSection(SolutionProperties) = preSolution
		HideSolutionNode = FALSE
	EndGlobalSection
	GlobalSection(NestedProjects) = preSolution
		{6203FE88-72B1-4A13-91D5-E3BDDE2B922A} = {6791DAE0-48A1-4706-9934-6B78FF27C334}
		{9E4AF24C-BB49-4889-8DAE-C3C389FF785C} = {6791DAE0-48A1-4706-9934-6B78FF27C334}
		{F18A891A-47FB-46AF-B882-376F7A7F6EE1} = {F263A04E-4F11-48C0-8BF1-CE8FCE2900D2}
		{32BF93FA-DA20-48DE-BD14-0C8B8EE441A3} = {4B0B07C9-B6CD-414A-8AB2-D79E1FCC4DB5}
		{A08C84E8-1A56-425E-8FC5-C368FF494487} = {D366B5EA-35C7-41C5-93D1-AE8E461E19EA}
	EndGlobalSection
EndGlobal
